<?xml version="1.0" encoding="utf-8"?>
<Project ToolsVersion="4.0" xmlns:atg="http://atg.xbox.com" xmlns="http://schemas.microsoft.com/developer/msbuild/2003">
  <ItemGroup>
    <Filter Include="Assets">
      <UniqueIdentifier>{ed0b04a6-fecd-4a2c-a462-59a8f4639f36}</UniqueIdentifier>
    </Filter>
    <Filter Include="Resource Files">
      <UniqueIdentifier>{8e114980-c1a3-4ada-ad7c-83caadf5daeb}</UniqueIdentifier>
      <Extensions>rc;ico;cur;bmp;dlg;rc2;rct;bin;rgs;gif;jpg;jpeg;jpe</Extensions>
    </Filter>
    <Filter Include="Assets\modelData">
      <UniqueIdentifier>{06086914-6aa4-4cad-9b07-6f9d357f04df}</UniqueIdentifier>
    </Filter>
    <Filter Include="Assets\sprite">
      <UniqueIdentifier>{a6ce300a-b532-440d-b914-b4661d3015ad}</UniqueIdentifier>
    </Filter>
    <Filter Include="PhotonLib">
      <UniqueIdentifier>{21191978-d180-4d57-bacc-0b29a6eb492b}</UniqueIdentifier>
    </Filter>
    <Filter Include="PhotonLib\Common">
      <UniqueIdentifier>{b82d8e42-6896-41bb-837b-1a8e9b79d6dd}</UniqueIdentifier>
    </Filter>
    <Filter Include="PhotonLib\Photon">
      <UniqueIdentifier>{f83594e6-8782-4e04-a4db-f4811d204e0e}</UniqueIdentifier>
    </Filter>
    <Filter Include="PhotonLib\LoadBalancing">
      <UniqueIdentifier>{d8db8eff-f64a-4a41-9b2b-c3329f39d143}</UniqueIdentifier>
    </Filter>
    <Filter Include="PhotonLib\Common\Helpers">
      <UniqueIdentifier>{e397b930-e603-41c0-b54f-c89aae2c8d29}</UniqueIdentifier>
    </Filter>
    <Filter Include="PhotonLib\Common\MemoryMannagement">
      <UniqueIdentifier>{f2722a12-e2f3-4a66-96fc-85500fa6a23e}</UniqueIdentifier>
    </Filter>
    <Filter Include="PhotonLib\Common\MemoryMannagement\Internal">
      <UniqueIdentifier>{123763c3-36ea-4ce6-a268-c2ecfa9a00cb}</UniqueIdentifier>
    </Filter>
    <Filter Include="PhotonLib\Common\Helpers\SmartPointers">
      <UniqueIdentifier>{8cec219d-8e0b-43df-869d-fb2dc80fab39}</UniqueIdentifier>
    </Filter>
    <Filter Include="PhotonLib\LoadBalancing\Internal">
      <UniqueIdentifier>{0137a04a-1b73-4899-96fd-b5846774bffd}</UniqueIdentifier>
    </Filter>
    <Filter Include="PhotonLib\LoadBalancing\Enums">
      <UniqueIdentifier>{634787df-df7d-46bd-932c-8b2ff23e17cd}</UniqueIdentifier>
    </Filter>
    <Filter Include="PhotonLib\Common\Enums">
      <UniqueIdentifier>{27bdb4f6-106b-4012-a1f5-7b251b1ca2c4}</UniqueIdentifier>
    </Filter>
    <Filter Include="PhotonLib\LoadBalancing\Internal\Enums">
      <UniqueIdentifier>{81a4702a-189f-47c8-ad66-acdba2962c34}</UniqueIdentifier>
    </Filter>
    <Filter Include="PhotonLib\LoadBalancing\Internal\Enums\Properties">
      <UniqueIdentifier>{231c370d-5546-4162-8bb0-97feddc8be49}</UniqueIdentifier>
    </Filter>
    <Filter Include="PhotonLib\Photon\Enums">
      <UniqueIdentifier>{1049aa01-7fdb-4c6e-95ce-ecd2b9764c06}</UniqueIdentifier>
    </Filter>
    <Filter Include="PhotonLib\Photon\Punchthrough">
      <UniqueIdentifier>{2f367c08-245d-4608-bc87-0b7785dfc3c5}</UniqueIdentifier>
    </Filter>
  </ItemGroup>
  <ItemGroup>
    <ClCompile Include="main.cpp" />
    <ClCompile Include="stdafx.cpp" />
    <ClCompile Include="Game.cpp" />
    <ClCompile Include="field.cpp" />
    <ClCompile Include="Title_1.cpp" />
    <ClCompile Include="Title_2.cpp" />
    <ClCompile Include="GamenDraw.cpp" />
    <ClCompile Include="Player.cpp" />
    <ClCompile Include="Camera.cpp" />
    <ClCompile Include="Bullet.cpp" />
    <ClCompile Include="GamenTimer.cpp" />
    <ClCompile Include="Enemy.cpp" />
    <ClCompile Include="Planet.cpp" />
    <ClCompile Include="Star.cpp" />
    <ClCompile Include="Sinka_Bar.cpp" />
    <ClCompile Include="Senkan_Rtype_2.cpp" />
    <ClCompile Include="Drop_Hako.cpp" />
    <ClCompile Include="SansenGamen.cpp" />
    <ClCompile Include="GameTaiki.cpp" />
    <ClCompile Include="PlayerStar.cpp" />
    <ClCompile Include="ResultGamen.cpp" />
    <ClCompile Include="ResultDraw.cpp" />
    <ClCompile Include="BlackHole.cpp" />
    <ClCompile Include="Draw_Player.cpp" />
    <ClCompile Include="SetumeiGamen.cpp" />
  </ItemGroup>
  <ItemGroup>
    <CLInclude Include="resource.h">
      <Filter>Resource Files</Filter>
    </CLInclude>
    <ClInclude Include="stdafx.h" />
    <ClInclude Include="Game.h" />
    <ClInclude Include="Title_1.h" />
    <ClInclude Include="Title_2.h" />
    <ClInclude Include="GamenDraw.h" />
    <ClInclude Include="field.h" />
    <ClInclude Include="Camera.h" />
    <ClInclude Include="Player.h" />
    <ClInclude Include="Bullet.h" />
    <ClInclude Include="GamenTimer.h" />
    <ClInclude Include="Enemy.h" />
    <ClInclude Include="Planet.h" />
    <ClInclude Include="Star.h" />
    <ClInclude Include="Sinka_Bar.h" />
    <ClInclude Include="Senkan_Rtype_2.h" />
    <ClInclude Include="Drop_Hako.h" />
    <ClInclude Include="SansenGamen.h" />
    <ClInclude Include="GameTaiki.h" />
    <ClInclude Include="Photon-Inc\PEventListener.h">
      <Filter>PhotonLib</Filter>
    </ClInclude>
    <ClInclude Include="Photon-Inc\PNetworkLogic.h">
      <Filter>PhotonLib</Filter>
    </ClInclude>
    <ClInclude Include="Photon-Inc\Common-cpp\inc\MemoryManagement\Allocate.h">
      <Filter>PhotonLib\Common\MemoryMannagement</Filter>
    </ClInclude>
    <ClInclude Include="Photon-Inc\Common-cpp\inc\MemoryManagement\AllocatorInterface.h">
      <Filter>PhotonLib\Common\MemoryMannagement</Filter>
    </ClInclude>
    <ClInclude Include="Photon-Inc\Common-cpp\inc\MemoryManagement\Internal\DirectAllocator.h">
      <Filter>PhotonLib\Common\MemoryMannagement\Internal</Filter>
    </ClInclude>
    <ClInclude Include="Photon-Inc\Common-cpp\inc\MemoryManagement\Internal\Entry.h">
      <Filter>PhotonLib\Common\MemoryMannagement\Internal</Filter>
    </ClInclude>
    <ClInclude Include="Photon-Inc\Common-cpp\inc\MemoryManagement\Internal\Interface.h">
      <Filter>PhotonLib\Common\MemoryMannagement\Internal</Filter>
    </ClInclude>
    <ClInclude Include="Photon-Inc\Common-cpp\inc\MemoryManagement\Internal\MemoryPool.h">
      <Filter>PhotonLib\Common\MemoryMannagement\Internal</Filter>
    </ClInclude>
    <ClInclude Include="Photon-Inc\Common-cpp\inc\MemoryManagement\Internal\MemoryPoolManager.h">
      <Filter>PhotonLib\Common\MemoryMannagement\Internal</Filter>
    </ClInclude>
    <ClInclude Include="Photon-Inc\Common-cpp\inc\MemoryManagement\Internal\RawStorage.h">
      <Filter>PhotonLib\Common\MemoryMannagement\Internal</Filter>
    </ClInclude>
    <ClInclude Include="Photon-Inc\Common-cpp\inc\ANSIString.h">
      <Filter>PhotonLib\Common</Filter>
    </ClInclude>
    <ClInclude Include="Photon-Inc\Common-cpp\inc\Base.h">
      <Filter>PhotonLib\Common</Filter>
    </ClInclude>
    <ClInclude Include="Photon-Inc\Common-cpp\inc\BaseCharString.h">
      <Filter>PhotonLib\Common</Filter>
    </ClInclude>
    <ClInclude Include="Photon-Inc\Common-cpp\inc\BaseListener.h">
      <Filter>PhotonLib\Common</Filter>
    </ClInclude>
    <ClInclude Include="Photon-Inc\Common-cpp\inc\Common.h">
      <Filter>PhotonLib\Common</Filter>
    </ClInclude>
    <ClInclude Include="Photon-Inc\Common-cpp\inc\CustomType.h">
      <Filter>PhotonLib\Common</Filter>
    </ClInclude>
    <ClInclude Include="Photon-Inc\Common-cpp\inc\CustomTypeBase.h">
      <Filter>PhotonLib\Common</Filter>
    </ClInclude>
    <ClInclude Include="Photon-Inc\Common-cpp\inc\CustomTypeFactory.h">
      <Filter>PhotonLib\Common</Filter>
    </ClInclude>
    <ClInclude Include="Photon-Inc\Common-cpp\inc\defines.h">
      <Filter>PhotonLib\Common</Filter>
    </ClInclude>
    <ClInclude Include="Photon-Inc\Common-cpp\inc\DeSerializer.h">
      <Filter>PhotonLib\Common</Filter>
    </ClInclude>
    <ClInclude Include="Photon-Inc\Common-cpp\inc\Dictionary.h">
      <Filter>PhotonLib\Common</Filter>
    </ClInclude>
    <ClInclude Include="Photon-Inc\Common-cpp\inc\DictionaryBase.h">
      <Filter>PhotonLib\Common</Filter>
    </ClInclude>
    <ClInclude Include="Photon-Inc\Common-cpp\inc\EGTime.h">
      <Filter>PhotonLib\Common</Filter>
    </ClInclude>
    <ClInclude Include="Photon-Inc\Common-cpp\inc\Hashtable.h">
      <Filter>PhotonLib\Common</Filter>
    </ClInclude>
    <ClInclude Include="Photon-Inc\Common-cpp\inc\JString.h">
      <Filter>PhotonLib\Common</Filter>
    </ClInclude>
    <ClInclude Include="Photon-Inc\Common-cpp\inc\JVector.h">
      <Filter>PhotonLib\Common</Filter>
    </ClInclude>
    <ClInclude Include="Photon-Inc\Common-cpp\inc\KeyObject.h">
      <Filter>PhotonLib\Common</Filter>
    </ClInclude>
    <ClInclude Include="Photon-Inc\Common-cpp\inc\LogFormatOptions.h">
      <Filter>PhotonLib\Common</Filter>
    </ClInclude>
    <ClInclude Include="Photon-Inc\Common-cpp\inc\Logger.h">
      <Filter>PhotonLib\Common</Filter>
    </ClInclude>
    <ClInclude Include="Photon-Inc\Common-cpp\inc\Object.h">
      <Filter>PhotonLib\Common</Filter>
    </ClInclude>
    <ClInclude Include="Photon-Inc\Common-cpp\inc\platform_definition.h">
      <Filter>PhotonLib\Common</Filter>
    </ClInclude>
    <ClInclude Include="Photon-Inc\Common-cpp\inc\platformLayer.h">
      <Filter>PhotonLib\Common</Filter>
    </ClInclude>
    <ClInclude Include="Photon-Inc\Common-cpp\inc\porting.h">
      <Filter>PhotonLib\Common</Filter>
    </ClInclude>
    <ClInclude Include="Photon-Inc\Common-cpp\inc\Serializer.h">
      <Filter>PhotonLib\Common</Filter>
    </ClInclude>
    <ClInclude Include="Photon-Inc\Common-cpp\inc\ToString.h">
      <Filter>PhotonLib\Common</Filter>
    </ClInclude>
    <ClInclude Include="Photon-Inc\Common-cpp\inc\UTF8String.h">
      <Filter>PhotonLib\Common</Filter>
    </ClInclude>
    <ClInclude Include="Photon-Inc\Common-cpp\inc\ValueObject.h">
      <Filter>PhotonLib\Common</Filter>
    </ClInclude>
    <ClInclude Include="Photon-Inc\Common-cpp\inc\Enums\DebugLevel.h">
      <Filter>PhotonLib\Common\Enums</Filter>
    </ClInclude>
    <ClInclude Include="Photon-Inc\Common-cpp\inc\Enums\TypeCode.h">
      <Filter>PhotonLib\Common\Enums</Filter>
    </ClInclude>
    <ClInclude Include="Photon-Inc\Common-cpp\inc\Helpers\CompileTimeAssertTrue.h">
      <Filter>PhotonLib\Common\Helpers</Filter>
    </ClInclude>
    <ClInclude Include="Photon-Inc\Common-cpp\inc\Helpers\ConfirmAllowed.h">
      <Filter>PhotonLib\Common\Helpers</Filter>
    </ClInclude>
    <ClInclude Include="Photon-Inc\Common-cpp\inc\Helpers\ConfirmAllowedKey.h">
      <Filter>PhotonLib\Common\Helpers</Filter>
    </ClInclude>
    <ClInclude Include="Photon-Inc\Common-cpp\inc\Helpers\CustomTypeCallbackWrapper.h">
      <Filter>PhotonLib\Common\Helpers</Filter>
    </ClInclude>
    <ClInclude Include="Photon-Inc\Common-cpp\inc\Helpers\Data.h">
      <Filter>PhotonLib\Common\Helpers</Filter>
    </ClInclude>
    <ClInclude Include="Photon-Inc\Common-cpp\inc\Helpers\debug_assert.h">
      <Filter>PhotonLib\Common\Helpers</Filter>
    </ClInclude>
    <ClInclude Include="Photon-Inc\Common-cpp\inc\Helpers\DeSerializerImplementation.h">
      <Filter>PhotonLib\Common\Helpers</Filter>
    </ClInclude>
    <ClInclude Include="Photon-Inc\Common-cpp\inc\Helpers\ElementAccessor.h">
      <Filter>PhotonLib\Common\Helpers</Filter>
    </ClInclude>
    <ClInclude Include="Photon-Inc\Common-cpp\inc\Helpers\EnableIf.h">
      <Filter>PhotonLib\Common\Helpers</Filter>
    </ClInclude>
    <ClInclude Include="Photon-Inc\Common-cpp\inc\Helpers\EndianCorrectCast.h">
      <Filter>PhotonLib\Common\Helpers</Filter>
    </ClInclude>
    <ClInclude Include="Photon-Inc\Common-cpp\inc\Helpers\EndianCorrectCastImplementation.h">
      <Filter>PhotonLib\Common\Helpers</Filter>
    </ClInclude>
    <ClInclude Include="Photon-Inc\Common-cpp\inc\Helpers\IsDerivedFrom.h">
      <Filter>PhotonLib\Common\Helpers</Filter>
    </ClInclude>
    <ClInclude Include="Photon-Inc\Common-cpp\inc\Helpers\IsPrimitiveType.h">
      <Filter>PhotonLib\Common\Helpers</Filter>
    </ClInclude>
    <ClInclude Include="Photon-Inc\Common-cpp\inc\Helpers\IsSame.h">
      <Filter>PhotonLib\Common\Helpers</Filter>
    </ClInclude>
    <ClInclude Include="Photon-Inc\Common-cpp\inc\Helpers\KeyToObject.h">
      <Filter>PhotonLib\Common\Helpers</Filter>
    </ClInclude>
    <ClInclude Include="Photon-Inc\Common-cpp\inc\Helpers\Lockguard.h">
      <Filter>PhotonLib\Common\Helpers</Filter>
    </ClInclude>
    <ClInclude Include="Photon-Inc\Common-cpp\inc\Helpers\MathHelper.h">
      <Filter>PhotonLib\Common\Helpers</Filter>
    </ClInclude>
    <ClInclude Include="Photon-Inc\Common-cpp\inc\Helpers\ObjectToStringConverter.h">
      <Filter>PhotonLib\Common\Helpers</Filter>
    </ClInclude>
    <ClInclude Include="Photon-Inc\Common-cpp\inc\Helpers\ObjectToStringConverterBase.h">
      <Filter>PhotonLib\Common\Helpers</Filter>
    </ClInclude>
    <ClInclude Include="Photon-Inc\Common-cpp\inc\Helpers\PrimitiveToStringConverter.h">
      <Filter>PhotonLib\Common\Helpers</Filter>
    </ClInclude>
    <ClInclude Include="Photon-Inc\Common-cpp\inc\Helpers\PrimitiveToStringConverterBase.h">
      <Filter>PhotonLib\Common\Helpers</Filter>
    </ClInclude>
    <ClInclude Include="Photon-Inc\Common-cpp\inc\Helpers\RemoveConst.h">
      <Filter>PhotonLib\Common\Helpers</Filter>
    </ClInclude>
    <ClInclude Include="Photon-Inc\Common-cpp\inc\Helpers\RemovePointer.h">
      <Filter>PhotonLib\Common\Helpers</Filter>
    </ClInclude>
    <ClInclude Include="Photon-Inc\Common-cpp\inc\Helpers\SerializerImplementation.h">
      <Filter>PhotonLib\Common\Helpers</Filter>
    </ClInclude>
    <ClInclude Include="Photon-Inc\Common-cpp\inc\Helpers\Spinlock.h">
      <Filter>PhotonLib\Common\Helpers</Filter>
    </ClInclude>
    <ClInclude Include="Photon-Inc\Common-cpp\inc\Helpers\Thread.h">
      <Filter>PhotonLib\Common\Helpers</Filter>
    </ClInclude>
    <ClInclude Include="Photon-Inc\Common-cpp\inc\Helpers\ToStringImplementation.h">
      <Filter>PhotonLib\Common\Helpers</Filter>
    </ClInclude>
    <ClInclude Include="Photon-Inc\Common-cpp\inc\Helpers\TypeName.h">
      <Filter>PhotonLib\Common\Helpers</Filter>
    </ClInclude>
    <ClInclude Include="Photon-Inc\Common-cpp\inc\Helpers\ValueToObject.h">
      <Filter>PhotonLib\Common\Helpers</Filter>
    </ClInclude>
    <ClInclude Include="Photon-Inc\Common-cpp\inc\Helpers\ArrayLengthType.h">
      <Filter>PhotonLib\Common\Helpers</Filter>
    </ClInclude>
    <ClInclude Include="Photon-Inc\Common-cpp\inc\Helpers\SmartPointers\SharedPointer.h">
      <Filter>PhotonLib\Common\Helpers\SmartPointers</Filter>
    </ClInclude>
    <ClInclude Include="Photon-Inc\Common-cpp\inc\Helpers\SmartPointers\SharedPointerBase.h">
      <Filter>PhotonLib\Common\Helpers\SmartPointers</Filter>
    </ClInclude>
    <ClInclude Include="Photon-Inc\Common-cpp\inc\Helpers\SmartPointers\SmartPointerBase.h">
      <Filter>PhotonLib\Common\Helpers\SmartPointers</Filter>
    </ClInclude>
    <ClInclude Include="Photon-Inc\Common-cpp\inc\Helpers\SmartPointers\SmartPointerInterface.h">
      <Filter>PhotonLib\Common\Helpers\SmartPointers</Filter>
    </ClInclude>
    <ClInclude Include="Photon-Inc\Common-cpp\inc\Helpers\SmartPointers\UniquePointer.h">
      <Filter>PhotonLib\Common\Helpers\SmartPointers</Filter>
    </ClInclude>
    <ClInclude Include="Photon-Inc\Common-cpp\inc\Helpers\SmartPointers\UniquePointerBase.h">
      <Filter>PhotonLib\Common\Helpers\SmartPointers</Filter>
    </ClInclude>
    <ClInclude Include="Photon-Inc\LoadBalancing-cpp\inc\Internal\Enums\Properties\Player.h">
      <Filter>PhotonLib\LoadBalancing\Internal\Enums\Properties</Filter>
    </ClInclude>
    <ClInclude Include="Photon-Inc\LoadBalancing-cpp\inc\Internal\Enums\Properties\Room.h">
      <Filter>PhotonLib\LoadBalancing\Internal\Enums\Properties</Filter>
    </ClInclude>
    <ClInclude Include="Photon-Inc\LoadBalancing-cpp\inc\Internal\Enums\EncryptionDataParameters.h">
      <Filter>PhotonLib\LoadBalancing\Internal\Enums</Filter>
    </ClInclude>
    <ClInclude Include="Photon-Inc\LoadBalancing-cpp\inc\Internal\Enums\EncryptionMode.h">
      <Filter>PhotonLib\LoadBalancing\Internal\Enums</Filter>
    </ClInclude>
    <ClInclude Include="Photon-Inc\LoadBalancing-cpp\inc\Internal\Enums\EventCode.h">
      <Filter>PhotonLib\LoadBalancing\Internal\Enums</Filter>
    </ClInclude>
    <ClInclude Include="Photon-Inc\LoadBalancing-cpp\inc\Internal\Enums\JoinMode.h">
      <Filter>PhotonLib\LoadBalancing\Internal\Enums</Filter>
    </ClInclude>
    <ClInclude Include="Photon-Inc\LoadBalancing-cpp\inc\Internal\Enums\JoinType.h">
      <Filter>PhotonLib\LoadBalancing\Internal\Enums</Filter>
    </ClInclude>
    <ClInclude Include="Photon-Inc\LoadBalancing-cpp\inc\Internal\Enums\OperationCode.h">
      <Filter>PhotonLib\LoadBalancing\Internal\Enums</Filter>
    </ClInclude>
    <ClInclude Include="Photon-Inc\LoadBalancing-cpp\inc\Internal\Enums\ParameterCode.h">
      <Filter>PhotonLib\LoadBalancing\Internal\Enums</Filter>
    </ClInclude>
    <ClInclude Include="Photon-Inc\LoadBalancing-cpp\inc\Internal\AuthenticationValuesSecretSetter.h">
      <Filter>PhotonLib\LoadBalancing\Internal</Filter>
    </ClInclude>
    <ClInclude Include="Photon-Inc\LoadBalancing-cpp\inc\Internal\MutablePlayerFactory.h">
      <Filter>PhotonLib\LoadBalancing\Internal</Filter>
    </ClInclude>
    <ClInclude Include="Photon-Inc\LoadBalancing-cpp\inc\Internal\MutableRoomFactory.h">
      <Filter>PhotonLib\LoadBalancing\Internal</Filter>
    </ClInclude>
    <ClInclude Include="Photon-Inc\LoadBalancing-cpp\inc\Internal\PlayerFactory.h">
      <Filter>PhotonLib\LoadBalancing\Internal</Filter>
    </ClInclude>
    <ClInclude Include="Photon-Inc\LoadBalancing-cpp\inc\Internal\PlayerMovementInformant.h">
      <Filter>PhotonLib\LoadBalancing\Internal</Filter>
    </ClInclude>
    <ClInclude Include="Photon-Inc\LoadBalancing-cpp\inc\Internal\PlayerMutableRoomPointerSetter.h">
      <Filter>PhotonLib\LoadBalancing\Internal</Filter>
    </ClInclude>
    <ClInclude Include="Photon-Inc\LoadBalancing-cpp\inc\Internal\PlayerPropertiesCacher.h">
      <Filter>PhotonLib\LoadBalancing\Internal</Filter>
    </ClInclude>
    <ClInclude Include="Photon-Inc\LoadBalancing-cpp\inc\Internal\PlayerPropertiesUpdateInformant.h">
      <Filter>PhotonLib\LoadBalancing\Internal</Filter>
    </ClInclude>
    <ClInclude Include="Photon-Inc\LoadBalancing-cpp\inc\Internal\PuncherClient.h">
      <Filter>PhotonLib\LoadBalancing\Internal</Filter>
    </ClInclude>
    <ClInclude Include="Photon-Inc\LoadBalancing-cpp\inc\Internal\RoomFactory.h">
      <Filter>PhotonLib\LoadBalancing\Internal</Filter>
    </ClInclude>
    <ClInclude Include="Photon-Inc\LoadBalancing-cpp\inc\Internal\RoomPropertiesCacher.h">
      <Filter>PhotonLib\LoadBalancing\Internal</Filter>
    </ClInclude>
    <ClInclude Include="Photon-Inc\LoadBalancing-cpp\inc\Internal\Utils.h">
      <Filter>PhotonLib\LoadBalancing\Internal</Filter>
    </ClInclude>
    <ClInclude Include="Photon-Inc\LoadBalancing-cpp\inc\AuthenticationValues.h">
      <Filter>PhotonLib\LoadBalancing</Filter>
    </ClInclude>
    <ClInclude Include="Photon-Inc\LoadBalancing-cpp\inc\Client.h">
      <Filter>PhotonLib\LoadBalancing</Filter>
    </ClInclude>
    <ClInclude Include="Photon-Inc\LoadBalancing-cpp\inc\FriendInfo.h">
      <Filter>PhotonLib\LoadBalancing</Filter>
    </ClInclude>
    <ClInclude Include="Photon-Inc\LoadBalancing-cpp\inc\Listener.h">
      <Filter>PhotonLib\LoadBalancing</Filter>
    </ClInclude>
    <ClInclude Include="Photon-Inc\LoadBalancing-cpp\inc\LobbyStatsRequest.h">
      <Filter>PhotonLib\LoadBalancing</Filter>
    </ClInclude>
    <ClInclude Include="Photon-Inc\LoadBalancing-cpp\inc\LobbyStatsResponse.h">
      <Filter>PhotonLib\LoadBalancing</Filter>
    </ClInclude>
    <ClInclude Include="Photon-Inc\LoadBalancing-cpp\inc\MutablePlayer.h">
      <Filter>PhotonLib\LoadBalancing</Filter>
    </ClInclude>
    <ClInclude Include="Photon-Inc\LoadBalancing-cpp\inc\MutableRoom.h">
      <Filter>PhotonLib\LoadBalancing</Filter>
    </ClInclude>
    <ClInclude Include="Photon-Inc\LoadBalancing-cpp\inc\Peer.h">
      <Filter>PhotonLib\LoadBalancing</Filter>
    </ClInclude>
    <ClInclude Include="Photon-Inc\LoadBalancing-cpp\inc\Player.h">
      <Filter>PhotonLib\LoadBalancing</Filter>
    </ClInclude>
    <ClInclude Include="Photon-Inc\LoadBalancing-cpp\inc\RaiseEventOptions.h">
      <Filter>PhotonLib\LoadBalancing</Filter>
    </ClInclude>
    <ClInclude Include="Photon-Inc\LoadBalancing-cpp\inc\Room.h">
      <Filter>PhotonLib\LoadBalancing</Filter>
    </ClInclude>
    <ClInclude Include="Photon-Inc\LoadBalancing-cpp\inc\RoomOptions.h">
      <Filter>PhotonLib\LoadBalancing</Filter>
    </ClInclude>
    <ClInclude Include="Photon-Inc\LoadBalancing-cpp\inc\WebFlags.h">
      <Filter>PhotonLib\LoadBalancing</Filter>
    </ClInclude>
    <ClInclude Include="Photon-Inc\LoadBalancing-cpp\inc\Enums\CustomAuthenticationType.h">
      <Filter>PhotonLib\LoadBalancing\Enums</Filter>
    </ClInclude>
    <ClInclude Include="Photon-Inc\LoadBalancing-cpp\inc\Enums\DirectMode.h">
      <Filter>PhotonLib\LoadBalancing\Enums</Filter>
    </ClInclude>
    <ClInclude Include="Photon-Inc\LoadBalancing-cpp\inc\Enums\DisconnectCause.h">
      <Filter>PhotonLib\LoadBalancing\Enums</Filter>
    </ClInclude>
    <ClInclude Include="Photon-Inc\LoadBalancing-cpp\inc\Enums\ErrorCode.h">
      <Filter>PhotonLib\LoadBalancing\Enums</Filter>
    </ClInclude>
    <ClInclude Include="Photon-Inc\LoadBalancing-cpp\inc\Enums\LobbyType.h">
      <Filter>PhotonLib\LoadBalancing\Enums</Filter>
    </ClInclude>
    <ClInclude Include="Photon-Inc\LoadBalancing-cpp\inc\Enums\MatchmakingMode.h">
      <Filter>PhotonLib\LoadBalancing\Enums</Filter>
    </ClInclude>
    <ClInclude Include="Photon-Inc\LoadBalancing-cpp\inc\Enums\PeerStates.h">
      <Filter>PhotonLib\LoadBalancing\Enums</Filter>
    </ClInclude>
    <ClInclude Include="Photon-Inc\LoadBalancing-cpp\inc\Enums\RegionSelectionMode.h">
      <Filter>PhotonLib\LoadBalancing\Enums</Filter>
    </ClInclude>
    <ClInclude Include="Photon-Inc\LoadBalancing-cpp\inc\Enums\ServerType.h">
      <Filter>PhotonLib\LoadBalancing\Enums</Filter>
    </ClInclude>
    <ClInclude Include="Photon-Inc\Photon-cpp\inc\EventData.h">
      <Filter>PhotonLib\Photon</Filter>
    </ClInclude>
    <ClInclude Include="Photon-Inc\Photon-cpp\inc\LitePeer.h">
      <Filter>PhotonLib\Photon</Filter>
    </ClInclude>
    <ClInclude Include="Photon-Inc\Photon-cpp\inc\OperationRequest.h">
      <Filter>PhotonLib\Photon</Filter>
    </ClInclude>
    <ClInclude Include="Photon-Inc\Photon-cpp\inc\OperationResponse.h">
      <Filter>PhotonLib\Photon</Filter>
    </ClInclude>
    <ClInclude Include="Photon-Inc\Photon-cpp\inc\PhotonListener.h">
      <Filter>PhotonLib\Photon</Filter>
    </ClInclude>
    <ClInclude Include="Photon-Inc\Photon-cpp\inc\PhotonPeer.h">
      <Filter>PhotonLib\Photon</Filter>
    </ClInclude>
    <ClInclude Include="Photon-Inc\Photon-cpp\inc\TrafficStats.h">
      <Filter>PhotonLib\Photon</Filter>
    </ClInclude>
    <ClInclude Include="Photon-Inc\Photon-cpp\inc\TrafficStatsGameLevel.h">
      <Filter>PhotonLib\Photon</Filter>
    </ClInclude>
    <ClInclude Include="Photon-Inc\Photon-cpp\inc\Enums\OperationCode.h">
      <Filter>PhotonLib\Photon\Enums</Filter>
    </ClInclude>
    <ClInclude Include="Photon-Inc\Photon-cpp\inc\Enums\ParameterCode.h">
      <Filter>PhotonLib\Photon\Enums</Filter>
    </ClInclude>
    <ClInclude Include="Photon-Inc\Photon-cpp\inc\Enums\PeerState.h">
      <Filter>PhotonLib\Photon\Enums</Filter>
    </ClInclude>
    <ClInclude Include="Photon-Inc\Photon-cpp\inc\Enums\ReceiverGroup.h">
      <Filter>PhotonLib\Photon\Enums</Filter>
    </ClInclude>
    <ClInclude Include="Photon-Inc\Photon-cpp\inc\Enums\StatusCode.h">
      <Filter>PhotonLib\Photon\Enums</Filter>
    </ClInclude>
    <ClInclude Include="Photon-Inc\Photon-cpp\inc\Enums\ConnectionProtocol.h">
      <Filter>PhotonLib\Photon\Enums</Filter>
    </ClInclude>
    <ClInclude Include="Photon-Inc\Photon-cpp\inc\Enums\ErrorCode.h">
      <Filter>PhotonLib\Photon\Enums</Filter>
    </ClInclude>
    <ClInclude Include="Photon-Inc\Photon-cpp\inc\Enums\EventCache.h">
      <Filter>PhotonLib\Photon\Enums</Filter>
    </ClInclude>
    <ClInclude Include="Photon-Inc\Photon-cpp\inc\Enums\EventCode.h">
      <Filter>PhotonLib\Photon\Enums</Filter>
    </ClInclude>
    <ClInclude Include="Photon-Inc\Photon-cpp\inc\Enums\EventKey.h">
      <Filter>PhotonLib\Photon\Enums</Filter>
    </ClInclude>
    <ClInclude Include="Photon-Inc\Photon-cpp\inc\Enums\NetworkPort.h">
      <Filter>PhotonLib\Photon\Enums</Filter>
    </ClInclude>
    <ClInclude Include="Photon-Inc\Photon-cpp\inc\Punchthrough\Puncher.h">
      <Filter>PhotonLib\Photon\Punchthrough</Filter>
    </ClInclude>
    <ClInclude Include="Photon-Inc\Photon-cpp\inc\Punchthrough\PunchListener.h">
      <Filter>PhotonLib\Photon\Punchthrough</Filter>
    </ClInclude>
    <ClInclude Include="Photon-Inc\Photon-cpp\inc\Punchthrough\RelayClient.h">
      <Filter>PhotonLib\Photon\Punchthrough</Filter>
    </ClInclude>
    <ClInclude Include="PlayerStar.h" />
    <ClInclude Include="ResultGamen.h" />
    <ClInclude Include="BlackHole.h" />
    <ClInclude Include="ResultDraw.h" />
    <ClInclude Include="Draw_Player.h" />
    <ClInclude Include="SetumeiGamen.h" />
  </ItemGroup>
  <ItemGroup>
    <ResourceCompile Include="Game.rc">
      <Filter>Resource Files</Filter>
    </ResourceCompile>
  </ItemGroup>
  <ItemGroup>
    <MeshContentTask Include="Assets\modelData\unityChan.fbx">
      <Filter>Assets\modelData</Filter>
    </MeshContentTask>
    <MeshContentTask Include="Assets\modelData\Space_field.FBX">
      <Filter>Assets\modelData</Filter>
    </MeshContentTask>
    <MeshContentTask Include="Assets\modelData\Bulet.FBX">
      <Filter>Assets\modelData</Filter>
    </MeshContentTask>
    <MeshContentTask Include="Assets\modelData\Enemy.FBX">
      <Filter>Assets\modelData</Filter>
    </MeshContentTask>
    <MeshContentTask Include="Assets\modelData\planet_aomura.FBX" />
    <MeshContentTask Include="Assets\modelData\Senkan.FBX">
      <Filter>Assets\modelData</Filter>
    </MeshContentTask>
    <MeshContentTask Include="Assets\modelData\planet01.FBX" />
    <MeshContentTask Include="Assets\modelData\planet02.FBX" />
    <MeshContentTask Include="Assets\modelData\planet03.FBX" />
    <MeshContentTask Include="Assets\modelData\planet05.FBX" />
    <MeshContentTask Include="Assets\modelData\planet06.FBX" />
    <MeshContentTask Include="Assets\modelData\planet07.FBX" />
    <MeshContentTask Include="Assets\modelData\planet08.FBX" />
    <MeshContentTask Include="Assets\modelData\planet11.FBX" />
    <MeshContentTask Include="Assets\modelData\planet0fire.FBX" />
    <MeshContentTask Include="Assets\modelData\SenkanType2.FBX">
      <Filter>Assets\modelData</Filter>
    </MeshContentTask>
    <MeshContentTask Include="Assets\modelData\planet04.FBX" />
    <MeshContentTask Include="Assets\modelData\planet_10.FBX" />
    <MeshContentTask Include="Assets\modelData\planet09.FBX" />
    <MeshContentTask Include="Assets\modelData\star.FBX">
      <Filter>Assets\modelData</Filter>
    </MeshContentTask>
    <MeshContentTask Include="Assets\modelData\Hako.FBX" />
    <MeshContentTask Include="Assets\modelData\PlayerStar.FBX" />
    <MeshContentTask Include="Assets\modelData\Bullet4.FBX" />
    <MeshContentTask Include="Assets\modelData\Bullet2.FBX" />
    <MeshContentTask Include="Assets\modelData\Bullet3.FBX" />
  </ItemGroup>
  <ItemGroup>
    <ImageContentTask Include="Assets\sprite\dummy.png">
      <Filter>Assets\sprite</Filter>
    </ImageContentTask>
    <ImageContentTask Include="Assets\sprite\Title1.jpg">
      <Filter>Resource Files</Filter>
    </ImageContentTask>
    <ImageContentTask Include="Assets\sprite\Midori.jpg">
      <Filter>Resource Files</Filter>
    </ImageContentTask>
    <ImageContentTask Include="Assets\sprite\Sinka_Bar.png" />
    <ImageContentTask Include="Assets\sprite\Sanka.png" />
    <ImageContentTask Include="Assets\sprite\Gekitui.png" />
    <ImageContentTask Include="Assets\sprite\1P.png" />
    <ImageContentTask Include="Assets\sprite\2P.png" />
    <ImageContentTask Include="Assets\sprite\3P.png" />
    <ImageContentTask Include="Assets\sprite\4P.png" />
    <ImageContentTask Include="Assets\sprite\Reslut.png" />
    <ImageContentTask Include="Assets\sprite\1Player.png" />
    <ImageContentTask Include="Assets\sprite\2Player.png" />
    <ImageContentTask Include="Assets\sprite\3Player.png" />
    <ImageContentTask Include="Assets\sprite\4Player.png" />
    <ImageContentTask Include="Assets\sprite\Title_A.bmp">
      <Filter>Resource Files</Filter>
    </ImageContentTask>
  </ItemGroup>
  <ItemGroup>
    <Image Include="Assets\modelData\fire12.jpg">
      <Filter>Resource Files</Filter>
    </Image>
    <Image Include="Assets\sprite\Setumei1.jpg">
      <Filter>Resource Files</Filter>
    </Image>
    <Image Include="Assets\sprite\Setumei2.jpg">
      <Filter>Resource Files</Filter>
    </Image>
  </ItemGroup>
  <ItemGroup>
    <None Include="Assets\effect\explosion1.efk" />
    <None Include="Assets\effect\explosion2.efk" />
    <None Include="Assets\effect\explosion1.efk" />
    <None Include="Assets\effect\kari_BH.efk" />
    <None Include="Assets\effect\BH.efk" />
  </ItemGroup>
</Project>